
Microsoft Visual Studio Solution File, Format Version 12.00
# Visual Studio 15
VisualStudioVersion = 15.0.27703.2042
MinimumVisualStudioVersion = 10.0.40219.1
Project("{FAE04EC0-301F-11D3-BF4B-00C04F79EFBC}") = "Yahtzeepel", "Yahtzeepel\Yahtzeepel.csproj", "{5AC5EEB6-CE9D-4699-A200-93F42DB48697}"
EndProject
Global
	GlobalSection(SolutionConfigurationPlatforms) = preSolution
		Debug|Any CPU = Debug|Any CPU
		Release|Any CPU = Release|Any CPU
	EndGlobalSection
	GlobalSection(ProjectConfigurationPlatforms) = postSolution
		{5AC5EEB6-CE9D-4699-A200-93F42DB48697}.Debug|Any CPU.ActiveCfg = Debug|Any CPU
		{5AC5EEB6-CE9D-4699-A200-93F42DB48697}.Debug|Any CPU.Build.0 = Debug|Any CPU
		{5AC5EEB6-CE9D-4699-A200-93F42DB48697}.Release|Any CPU.ActiveCfg = Release|Any CPU
		{5AC5EEB6-CE9D-4699-A200-93F42DB48697}.Release|Any CPU.Build.0 = Release|Any CPU
	EndGlobalSection
	GlobalSection(SolutionProperties) = preSolution
		HideSolutionNode = FALSE
	EndGlobalSection
	GlobalSection(ExtensibilityGlobals) = postSolution
		SolutionGuid = {981C1659-B04C-4D6A-AD73-79244609B3FE}
	EndGlobalSection
EndGlobal
